
Microsoft Visual Studio Solution File, Format Version 12.00
# Visual Studio Version 17
VisualStudioVersion = 17.10.35013.160
MinimumVisualStudioVersion = 10.0.40219.1
Project("{FAE04EC0-301F-11D3-BF4B-00C04F79EFBC}") = "ConsoleGameProject", "ConsoleGameProject.csproj", "{6A5D89E4-9DC2-4D85-9533-DE87E5792507}"
EndProject
Global
	GlobalSection(SolutionConfigurationPlatforms) = preSolution
		Debug|Any CPU = Debug|Any CPU
		Release|Any CPU = Release|Any CPU
	EndGlobalSection
	GlobalSection(ProjectConfigurationPlatforms) = postSolution
		{6A5D89E4-9DC2-4D85-9533-DE87E5792507}.Debug|Any CPU.ActiveCfg = Debug|Any CPU
		{6A5D89E4-9DC2-4D85-9533-DE87E5792507}.Debug|Any CPU.Build.0 = Debug|Any CPU
		{6A5D89E4-9DC2-4D85-9533-DE87E5792507}.Release|Any CPU.ActiveCfg = Release|Any CPU
		{6A5D89E4-9DC2-4D85-9533-DE87E5792507}.Release|Any CPU.Build.0 = Release|Any CPU
	EndGlobalSection
	GlobalSection(SolutionProperties) = preSolution
		HideSolutionNode = FALSE
	EndGlobalSection
	GlobalSection(ExtensibilityGlobals) = postSolution
		SolutionGuid = {9FBE538A-AA28-412C-BC08-B22F752AA35C}
	EndGlobalSection
EndGlobal
